// !$*UTF8*$!
{
	archiveVersion = 1;
	classes = {
	};
	objectVersion = 55;
	objects = {

/* Begin PBXBuildFile section */
		0634905E967A556183AE03EA /* Pods_SearchMeliTests.framework in Frameworks */ = {isa = PBXBuildFile; fileRef = 4762E883704B0D9CA2254AA9 /* Pods_SearchMeliTests.framework */; };
		556F65A02817740D006AC890 /* AppDelegate.swift in Sources */ = {isa = PBXBuildFile; fileRef = 556F659F2817740D006AC890 /* AppDelegate.swift */; };
		556F65A22817740D006AC890 /* SceneDelegate.swift in Sources */ = {isa = PBXBuildFile; fileRef = 556F65A12817740D006AC890 /* SceneDelegate.swift */; };
		556F65A42817740D006AC890 /* ViewController.swift in Sources */ = {isa = PBXBuildFile; fileRef = 556F65A32817740D006AC890 /* ViewController.swift */; };
		556F65A72817740D006AC890 /* Main.storyboard in Resources */ = {isa = PBXBuildFile; fileRef = 556F65A52817740D006AC890 /* Main.storyboard */; };
		556F65A92817740F006AC890 /* Assets.xcassets in Resources */ = {isa = PBXBuildFile; fileRef = 556F65A82817740F006AC890 /* Assets.xcassets */; };
		556F65AC2817740F006AC890 /* LaunchScreen.storyboard in Resources */ = {isa = PBXBuildFile; fileRef = 556F65AA2817740F006AC890 /* LaunchScreen.storyboard */; };
		556F65B72817740F006AC890 /* SearchMeliTests.swift in Sources */ = {isa = PBXBuildFile; fileRef = 556F65B62817740F006AC890 /* SearchMeliTests.swift */; };
		556F65C12817740F006AC890 /* SearchMeliUITests.swift in Sources */ = {isa = PBXBuildFile; fileRef = 556F65C02817740F006AC890 /* SearchMeliUITests.swift */; };
		556F65C32817740F006AC890 /* SearchMeliUITestsLaunchTests.swift in Sources */ = {isa = PBXBuildFile; fileRef = 556F65C22817740F006AC890 /* SearchMeliUITestsLaunchTests.swift */; };
		556F65D6281775B2006AC890 /* HomeVC.swift in Sources */ = {isa = PBXBuildFile; fileRef = 556F65D5281775B2006AC890 /* HomeVC.swift */; };
		557CF09C281ABE4D0092B4EF /* InternetConnectionManager.swift in Sources */ = {isa = PBXBuildFile; fileRef = 557CF09B281ABE4D0092B4EF /* InternetConnectionManager.swift */; };
		557CF09F281ABFD90092B4EF /* ViewController+Extension.swift in Sources */ = {isa = PBXBuildFile; fileRef = 557CF09E281ABFD90092B4EF /* ViewController+Extension.swift */; };
		557CF0A2281ACB2F0092B4EF /* SpinnerView.swift in Sources */ = {isa = PBXBuildFile; fileRef = 557CF0A1281ACB2F0092B4EF /* SpinnerView.swift */; };
		559326692818671A0026173B /* ProductListVC.swift in Sources */ = {isa = PBXBuildFile; fileRef = 559326682818671A0026173B /* ProductListVC.swift */; };
		5593266B28187A6D0026173B /* NativeRequestable.swift in Sources */ = {isa = PBXBuildFile; fileRef = 5593266A28187A6D0026173B /* NativeRequestable.swift */; };
		5593266D28187A9B0026173B /* NetworkRequest.swift in Sources */ = {isa = PBXBuildFile; fileRef = 5593266C28187A9B0026173B /* NetworkRequest.swift */; };
		5593266F28187ABB0026173B /* ServiceEndpoints.swift in Sources */ = {isa = PBXBuildFile; fileRef = 5593266E28187ABB0026173B /* ServiceEndpoints.swift */; };
		5593267128187ADB0026173B /* Environment.swift in Sources */ = {isa = PBXBuildFile; fileRef = 5593267028187ADB0026173B /* Environment.swift */; };
		5593267328187B0D0026173B /* MeliService.swift in Sources */ = {isa = PBXBuildFile; fileRef = 5593267228187B0D0026173B /* MeliService.swift */; };
		5593267728187CB30026173B /* Requestable.swift in Sources */ = {isa = PBXBuildFile; fileRef = 5593267628187CB30026173B /* Requestable.swift */; };
		5593267928187D0C0026173B /* ProductResponse.swift in Sources */ = {isa = PBXBuildFile; fileRef = 5593267828187D0C0026173B /* ProductResponse.swift */; };
		5593267B28187E5A0026173B /* SearchVM.swift in Sources */ = {isa = PBXBuildFile; fileRef = 5593267A28187E5A0026173B /* SearchVM.swift */; };
		5593267D2818C6BB0026173B /* ProductDetailVC.swift in Sources */ = {isa = PBXBuildFile; fileRef = 5593267C2818C6BB0026173B /* ProductDetailVC.swift */; };
		5593267F2818C88F0026173B /* ProductModel.swift in Sources */ = {isa = PBXBuildFile; fileRef = 5593267E2818C88F0026173B /* ProductModel.swift */; };
		559326822818F4AE0026173B /* TitleInfoCell.swift in Sources */ = {isa = PBXBuildFile; fileRef = 559326812818F4AE0026173B /* TitleInfoCell.swift */; };
		559326842818F7390026173B /* CarouselCell.swift in Sources */ = {isa = PBXBuildFile; fileRef = 559326832818F7390026173B /* CarouselCell.swift */; };
		559326862818FA5D0026173B /* ColorCell.swift in Sources */ = {isa = PBXBuildFile; fileRef = 559326852818FA5D0026173B /* ColorCell.swift */; };
		559326882818FB5E0026173B /* PriceCell.swift in Sources */ = {isa = PBXBuildFile; fileRef = 559326872818FB5E0026173B /* PriceCell.swift */; };
		5593268A2818FD270026173B /* QuantityCell.swift in Sources */ = {isa = PBXBuildFile; fileRef = 559326892818FD270026173B /* QuantityCell.swift */; };
		5593268C2818FDC90026173B /* ButtonCell.swift in Sources */ = {isa = PBXBuildFile; fileRef = 5593268B2818FDC90026173B /* ButtonCell.swift */; };
		5593268F281903F30026173B /* ProductCard.swift in Sources */ = {isa = PBXBuildFile; fileRef = 5593268E281903F30026173B /* ProductCard.swift */; };
		5593269528199B130026173B /* proximanova-semibold.woff2 in Resources */ = {isa = PBXBuildFile; fileRef = 5593269128199B130026173B /* proximanova-semibold.woff2 */; };
		5593269628199B130026173B /* proximanova-light.woff2 in Resources */ = {isa = PBXBuildFile; fileRef = 5593269228199B130026173B /* proximanova-light.woff2 */; };
		5593269728199B130026173B /* proximanova-regular.woff2 in Resources */ = {isa = PBXBuildFile; fileRef = 5593269328199B130026173B /* proximanova-regular.woff2 */; };
		5593269828199B130026173B /* navigation.woff2 in Resources */ = {isa = PBXBuildFile; fileRef = 5593269428199B130026173B /* navigation.woff2 */; };
		5593269A28199CBE0026173B /* ProductSearchedVC.swift in Sources */ = {isa = PBXBuildFile; fileRef = 5593269928199CBE0026173B /* ProductSearchedVC.swift */; };
		5593269C2819A0A70026173B /* SearchedCard.swift in Sources */ = {isa = PBXBuildFile; fileRef = 5593269B2819A0A70026173B /* SearchedCard.swift */; };
		55A4694C2819B9CE004D4878 /* Persistent.xcdatamodeld in Sources */ = {isa = PBXBuildFile; fileRef = 55A4694A2819B9CE004D4878 /* Persistent.xcdatamodeld */; };
		55A4694E2819BA85004D4878 /* HelperCoreData.swift in Sources */ = {isa = PBXBuildFile; fileRef = 55A4694D2819BA85004D4878 /* HelperCoreData.swift */; };
		55A760DB2819F159002F38D0 /* HelperCurrency.swift in Sources */ = {isa = PBXBuildFile; fileRef = 55A760DA2819F159002F38D0 /* HelperCurrency.swift */; };
		55A760DD281A03D7002F38D0 /* InitialAcountCell.swift in Sources */ = {isa = PBXBuildFile; fileRef = 55A760DC281A03D7002F38D0 /* InitialAcountCell.swift */; };
		55A760DF281A074F002F38D0 /* AdsCell.swift in Sources */ = {isa = PBXBuildFile; fileRef = 55A760DE281A074F002F38D0 /* AdsCell.swift */; };
		55D7D97B28185282005D8FBC /* NavigationSearch.swift in Sources */ = {isa = PBXBuildFile; fileRef = 55D7D97A28185282005D8FBC /* NavigationSearch.swift */; };
		55D7D981281852C7005D8FBC /* ButtonMeli.swift in Sources */ = {isa = PBXBuildFile; fileRef = 55D7D980281852C7005D8FBC /* ButtonMeli.swift */; };
		55F9C080281A37D90098455B /* HelperUI.swift in Sources */ = {isa = PBXBuildFile; fileRef = 55F9C07F281A37D90098455B /* HelperUI.swift */; };
		55FC525B28184C6400F5E3F2 /* TabBarVC.swift in Sources */ = {isa = PBXBuildFile; fileRef = 55FC525A28184C6400F5E3F2 /* TabBarVC.swift */; };
		55FC525D28184D1500F5E3F2 /* FavoriteVC.swift in Sources */ = {isa = PBXBuildFile; fileRef = 55FC525C28184D1500F5E3F2 /* FavoriteVC.swift */; };
		82DA938C775C7BE795EA0E47 /* Pods_SearchMeli.framework in Frameworks */ = {isa = PBXBuildFile; fileRef = 481C65E22388208BBD5D2FD3 /* Pods_SearchMeli.framework */; };
		B580B249046F30E2386018B9 /* Pods_SearchMeli_SearchMeliUITests.framework in Frameworks */ = {isa = PBXBuildFile; fileRef = 63AC1C0218DA09E983140048 /* Pods_SearchMeli_SearchMeliUITests.framework */; };
/* End PBXBuildFile section */

/* Begin PBXContainerItemProxy section */
		556F65B32817740F006AC890 /* PBXContainerItemProxy */ = {
			isa = PBXContainerItemProxy;
			containerPortal = 556F65942817740D006AC890 /* Project object */;
			proxyType = 1;
			remoteGlobalIDString = 556F659B2817740D006AC890;
			remoteInfo = SearchMeli;
		};
		556F65BD2817740F006AC890 /* PBXContainerItemProxy */ = {
			isa = PBXContainerItemProxy;
			containerPortal = 556F65942817740D006AC890 /* Project object */;
			proxyType = 1;
			remoteGlobalIDString = 556F659B2817740D006AC890;
			remoteInfo = SearchMeli;
		};
/* End PBXContainerItemProxy section */

/* Begin PBXFileReference section */
		1E7483F3DDDE7CAB214F12F7 /* Pods-SearchMeliTests.debug.xcconfig */ = {isa = PBXFileReference; includeInIndex = 1; lastKnownFileType = text.xcconfig; name = "Pods-SearchMeliTests.debug.xcconfig"; path = "Target Support Files/Pods-SearchMeliTests/Pods-SearchMeliTests.debug.xcconfig"; sourceTree = "<group>"; };
		4762E883704B0D9CA2254AA9 /* Pods_SearchMeliTests.framework */ = {isa = PBXFileReference; explicitFileType = wrapper.framework; includeInIndex = 0; path = Pods_SearchMeliTests.framework; sourceTree = BUILT_PRODUCTS_DIR; };
		481C65E22388208BBD5D2FD3 /* Pods_SearchMeli.framework */ = {isa = PBXFileReference; explicitFileType = wrapper.framework; includeInIndex = 0; path = Pods_SearchMeli.framework; sourceTree = BUILT_PRODUCTS_DIR; };
		4CEA16FBF5F99A733EDA31DC /* Pods-SearchMeliTests.release.xcconfig */ = {isa = PBXFileReference; includeInIndex = 1; lastKnownFileType = text.xcconfig; name = "Pods-SearchMeliTests.release.xcconfig"; path = "Target Support Files/Pods-SearchMeliTests/Pods-SearchMeliTests.release.xcconfig"; sourceTree = "<group>"; };
		5170C33D633E6D7644C4D628 /* Pods-SearchMeli-SearchMeliUITests.release.xcconfig */ = {isa = PBXFileReference; includeInIndex = 1; lastKnownFileType = text.xcconfig; name = "Pods-SearchMeli-SearchMeliUITests.release.xcconfig"; path = "Target Support Files/Pods-SearchMeli-SearchMeliUITests/Pods-SearchMeli-SearchMeliUITests.release.xcconfig"; sourceTree = "<group>"; };
		556F659C2817740D006AC890 /* SearchMeli.app */ = {isa = PBXFileReference; explicitFileType = wrapper.application; includeInIndex = 0; path = SearchMeli.app; sourceTree = BUILT_PRODUCTS_DIR; };
		556F659F2817740D006AC890 /* AppDelegate.swift */ = {isa = PBXFileReference; lastKnownFileType = sourcecode.swift; path = AppDelegate.swift; sourceTree = "<group>"; };
		556F65A12817740D006AC890 /* SceneDelegate.swift */ = {isa = PBXFileReference; lastKnownFileType = sourcecode.swift; path = SceneDelegate.swift; sourceTree = "<group>"; };
		556F65A32817740D006AC890 /* ViewController.swift */ = {isa = PBXFileReference; lastKnownFileType = sourcecode.swift; path = ViewController.swift; sourceTree = "<group>"; };
		556F65A62817740D006AC890 /* Base */ = {isa = PBXFileReference; lastKnownFileType = file.storyboard; name = Base; path = Base.lproj/Main.storyboard; sourceTree = "<group>"; };
		556F65A82817740F006AC890 /* Assets.xcassets */ = {isa = PBXFileReference; lastKnownFileType = folder.assetcatalog; path = Assets.xcassets; sourceTree = "<group>"; };
		556F65AB2817740F006AC890 /* Base */ = {isa = PBXFileReference; lastKnownFileType = file.storyboard; name = Base; path = Base.lproj/LaunchScreen.storyboard; sourceTree = "<group>"; };
		556F65AD2817740F006AC890 /* Info.plist */ = {isa = PBXFileReference; lastKnownFileType = text.plist.xml; path = Info.plist; sourceTree = "<group>"; };
		556F65B22817740F006AC890 /* SearchMeliTests.xctest */ = {isa = PBXFileReference; explicitFileType = wrapper.cfbundle; includeInIndex = 0; path = SearchMeliTests.xctest; sourceTree = BUILT_PRODUCTS_DIR; };
		556F65B62817740F006AC890 /* SearchMeliTests.swift */ = {isa = PBXFileReference; lastKnownFileType = sourcecode.swift; path = SearchMeliTests.swift; sourceTree = "<group>"; };
		556F65BC2817740F006AC890 /* SearchMeliUITests.xctest */ = {isa = PBXFileReference; explicitFileType = wrapper.cfbundle; includeInIndex = 0; path = SearchMeliUITests.xctest; sourceTree = BUILT_PRODUCTS_DIR; };
		556F65C02817740F006AC890 /* SearchMeliUITests.swift */ = {isa = PBXFileReference; lastKnownFileType = sourcecode.swift; path = SearchMeliUITests.swift; sourceTree = "<group>"; };
		556F65C22817740F006AC890 /* SearchMeliUITestsLaunchTests.swift */ = {isa = PBXFileReference; lastKnownFileType = sourcecode.swift; path = SearchMeliUITestsLaunchTests.swift; sourceTree = "<group>"; };
		556F65D5281775B2006AC890 /* HomeVC.swift */ = {isa = PBXFileReference; lastKnownFileType = sourcecode.swift; path = HomeVC.swift; sourceTree = "<group>"; };
		557CF09B281ABE4D0092B4EF /* InternetConnectionManager.swift */ = {isa = PBXFileReference; lastKnownFileType = sourcecode.swift; path = InternetConnectionManager.swift; sourceTree = "<group>"; };
		557CF09E281ABFD90092B4EF /* ViewController+Extension.swift */ = {isa = PBXFileReference; lastKnownFileType = sourcecode.swift; path = "ViewController+Extension.swift"; sourceTree = "<group>"; };
		557CF0A1281ACB2F0092B4EF /* SpinnerView.swift */ = {isa = PBXFileReference; lastKnownFileType = sourcecode.swift; path = SpinnerView.swift; sourceTree = "<group>"; };
		559326682818671A0026173B /* ProductListVC.swift */ = {isa = PBXFileReference; lastKnownFileType = sourcecode.swift; path = ProductListVC.swift; sourceTree = "<group>"; };
		5593266A28187A6D0026173B /* NativeRequestable.swift */ = {isa = PBXFileReference; lastKnownFileType = sourcecode.swift; path = NativeRequestable.swift; sourceTree = "<group>"; };
		5593266C28187A9B0026173B /* NetworkRequest.swift */ = {isa = PBXFileReference; lastKnownFileType = sourcecode.swift; path = NetworkRequest.swift; sourceTree = "<group>"; };
		5593266E28187ABB0026173B /* ServiceEndpoints.swift */ = {isa = PBXFileReference; lastKnownFileType = sourcecode.swift; path = ServiceEndpoints.swift; sourceTree = "<group>"; };
		5593267028187ADB0026173B /* Environment.swift */ = {isa = PBXFileReference; lastKnownFileType = sourcecode.swift; path = Environment.swift; sourceTree = "<group>"; };
		5593267228187B0D0026173B /* MeliService.swift */ = {isa = PBXFileReference; lastKnownFileType = sourcecode.swift; path = MeliService.swift; sourceTree = "<group>"; };
		5593267628187CB30026173B /* Requestable.swift */ = {isa = PBXFileReference; lastKnownFileType = sourcecode.swift; path = Requestable.swift; sourceTree = "<group>"; };
		5593267828187D0C0026173B /* ProductResponse.swift */ = {isa = PBXFileReference; lastKnownFileType = sourcecode.swift; path = ProductResponse.swift; sourceTree = "<group>"; };
		5593267A28187E5A0026173B /* SearchVM.swift */ = {isa = PBXFileReference; lastKnownFileType = sourcecode.swift; path = SearchVM.swift; sourceTree = "<group>"; };
		5593267C2818C6BB0026173B /* ProductDetailVC.swift */ = {isa = PBXFileReference; lastKnownFileType = sourcecode.swift; path = ProductDetailVC.swift; sourceTree = "<group>"; };
		5593267E2818C88F0026173B /* ProductModel.swift */ = {isa = PBXFileReference; lastKnownFileType = sourcecode.swift; path = ProductModel.swift; sourceTree = "<group>"; };
		559326812818F4AE0026173B /* TitleInfoCell.swift */ = {isa = PBXFileReference; lastKnownFileType = sourcecode.swift; path = TitleInfoCell.swift; sourceTree = "<group>"; };
		559326832818F7390026173B /* CarouselCell.swift */ = {isa = PBXFileReference; lastKnownFileType = sourcecode.swift; path = CarouselCell.swift; sourceTree = "<group>"; };
		559326852818FA5D0026173B /* ColorCell.swift */ = {isa = PBXFileReference; lastKnownFileType = sourcecode.swift; path = ColorCell.swift; sourceTree = "<group>"; };
		559326872818FB5E0026173B /* PriceCell.swift */ = {isa = PBXFileReference; lastKnownFileType = sourcecode.swift; path = PriceCell.swift; sourceTree = "<group>"; };
		559326892818FD270026173B /* QuantityCell.swift */ = {isa = PBXFileReference; lastKnownFileType = sourcecode.swift; path = QuantityCell.swift; sourceTree = "<group>"; };
		5593268B2818FDC90026173B /* ButtonCell.swift */ = {isa = PBXFileReference; lastKnownFileType = sourcecode.swift; path = ButtonCell.swift; sourceTree = "<group>"; };
		5593268E281903F30026173B /* ProductCard.swift */ = {isa = PBXFileReference; lastKnownFileType = sourcecode.swift; path = ProductCard.swift; sourceTree = "<group>"; };
		5593269128199B130026173B /* proximanova-semibold.woff2 */ = {isa = PBXFileReference; lastKnownFileType = file; path = "proximanova-semibold.woff2"; sourceTree = "<group>"; };
		5593269228199B130026173B /* proximanova-light.woff2 */ = {isa = PBXFileReference; lastKnownFileType = file; path = "proximanova-light.woff2"; sourceTree = "<group>"; };
		5593269328199B130026173B /* proximanova-regular.woff2 */ = {isa = PBXFileReference; lastKnownFileType = file; path = "proximanova-regular.woff2"; sourceTree = "<group>"; };
		5593269428199B130026173B /* navigation.woff2 */ = {isa = PBXFileReference; lastKnownFileType = file; path = navigation.woff2; sourceTree = "<group>"; };
		5593269928199CBE0026173B /* ProductSearchedVC.swift */ = {isa = PBXFileReference; lastKnownFileType = sourcecode.swift; path = ProductSearchedVC.swift; sourceTree = "<group>"; };
		5593269B2819A0A70026173B /* SearchedCard.swift */ = {isa = PBXFileReference; lastKnownFileType = sourcecode.swift; path = SearchedCard.swift; sourceTree = "<group>"; };
		55A4694B2819B9CE004D4878 /* Persistent.xcdatamodel */ = {isa = PBXFileReference; lastKnownFileType = wrapper.xcdatamodel; path = Persistent.xcdatamodel; sourceTree = "<group>"; };
		55A4694D2819BA85004D4878 /* HelperCoreData.swift */ = {isa = PBXFileReference; lastKnownFileType = sourcecode.swift; path = HelperCoreData.swift; sourceTree = "<group>"; };
		55A760DA2819F159002F38D0 /* HelperCurrency.swift */ = {isa = PBXFileReference; lastKnownFileType = sourcecode.swift; path = HelperCurrency.swift; sourceTree = "<group>"; };
		55A760DC281A03D7002F38D0 /* InitialAcountCell.swift */ = {isa = PBXFileReference; lastKnownFileType = sourcecode.swift; path = InitialAcountCell.swift; sourceTree = "<group>"; };
		55A760DE281A074F002F38D0 /* AdsCell.swift */ = {isa = PBXFileReference; lastKnownFileType = sourcecode.swift; path = AdsCell.swift; sourceTree = "<group>"; };
		55D7D97A28185282005D8FBC /* NavigationSearch.swift */ = {isa = PBXFileReference; lastKnownFileType = sourcecode.swift; path = NavigationSearch.swift; sourceTree = "<group>"; };
		55D7D980281852C7005D8FBC /* ButtonMeli.swift */ = {isa = PBXFileReference; lastKnownFileType = sourcecode.swift; path = ButtonMeli.swift; sourceTree = "<group>"; };
		55F9C07F281A37D90098455B /* HelperUI.swift */ = {isa = PBXFileReference; lastKnownFileType = sourcecode.swift; path = HelperUI.swift; sourceTree = "<group>"; };
		55FC525A28184C6400F5E3F2 /* TabBarVC.swift */ = {isa = PBXFileReference; lastKnownFileType = sourcecode.swift; path = TabBarVC.swift; sourceTree = "<group>"; };
		55FC525C28184D1500F5E3F2 /* FavoriteVC.swift */ = {isa = PBXFileReference; lastKnownFileType = sourcecode.swift; path = FavoriteVC.swift; sourceTree = "<group>"; };
		63AC1C0218DA09E983140048 /* Pods_SearchMeli_SearchMeliUITests.framework */ = {isa = PBXFileReference; explicitFileType = wrapper.framework; includeInIndex = 0; path = Pods_SearchMeli_SearchMeliUITests.framework; sourceTree = BUILT_PRODUCTS_DIR; };
		6A220A158C2E0F7B85E28758 /* Pods-SearchMeli.release.xcconfig */ = {isa = PBXFileReference; includeInIndex = 1; lastKnownFileType = text.xcconfig; name = "Pods-SearchMeli.release.xcconfig"; path = "Target Support Files/Pods-SearchMeli/Pods-SearchMeli.release.xcconfig"; sourceTree = "<group>"; };
		8FC20B201DEC187F2744AD2B /* Pods-SearchMeli-SearchMeliUITests.debug.xcconfig */ = {isa = PBXFileReference; includeInIndex = 1; lastKnownFileType = text.xcconfig; name = "Pods-SearchMeli-SearchMeliUITests.debug.xcconfig"; path = "Target Support Files/Pods-SearchMeli-SearchMeliUITests/Pods-SearchMeli-SearchMeliUITests.debug.xcconfig"; sourceTree = "<group>"; };
		CE736D27AF642D684E90AD0E /* Pods-SearchMeli.debug.xcconfig */ = {isa = PBXFileReference; includeInIndex = 1; lastKnownFileType = text.xcconfig; name = "Pods-SearchMeli.debug.xcconfig"; path = "Target Support Files/Pods-SearchMeli/Pods-SearchMeli.debug.xcconfig"; sourceTree = "<group>"; };
/* End PBXFileReference section */

/* Begin PBXFrameworksBuildPhase section */
		556F65992817740D006AC890 /* Frameworks */ = {
			isa = PBXFrameworksBuildPhase;
			buildActionMask = 2147483647;
			files = (
				82DA938C775C7BE795EA0E47 /* Pods_SearchMeli.framework in Frameworks */,
			);
			runOnlyForDeploymentPostprocessing = 0;
		};
		556F65AF2817740F006AC890 /* Frameworks */ = {
			isa = PBXFrameworksBuildPhase;
			buildActionMask = 2147483647;
			files = (
				0634905E967A556183AE03EA /* Pods_SearchMeliTests.framework in Frameworks */,
			);
			runOnlyForDeploymentPostprocessing = 0;
		};
		556F65B92817740F006AC890 /* Frameworks */ = {
			isa = PBXFrameworksBuildPhase;
			buildActionMask = 2147483647;
			files = (
				B580B249046F30E2386018B9 /* Pods_SearchMeli_SearchMeliUITests.framework in Frameworks */,
			);
			runOnlyForDeploymentPostprocessing = 0;
		};
/* End PBXFrameworksBuildPhase section */

/* Begin PBXGroup section */
		34B9A9966BC2ADDCCFC67068 /* Frameworks */ = {
			isa = PBXGroup;
			children = (
				481C65E22388208BBD5D2FD3 /* Pods_SearchMeli.framework */,
				63AC1C0218DA09E983140048 /* Pods_SearchMeli_SearchMeliUITests.framework */,
				4762E883704B0D9CA2254AA9 /* Pods_SearchMeliTests.framework */,
			);
			name = Frameworks;
			sourceTree = "<group>";
		};
		556F65932817740D006AC890 = {
			isa = PBXGroup;
			children = (
				556F659E2817740D006AC890 /* SearchMeli */,
				556F65B52817740F006AC890 /* SearchMeliTests */,
				556F65BF2817740F006AC890 /* SearchMeliUITests */,
				556F659D2817740D006AC890 /* Products */,
				AF8D60D7A5E811602D030529 /* Pods */,
				34B9A9966BC2ADDCCFC67068 /* Frameworks */,
			);
			sourceTree = "<group>";
		};
		556F659D2817740D006AC890 /* Products */ = {
			isa = PBXGroup;
			children = (
				556F659C2817740D006AC890 /* SearchMeli.app */,
				556F65B22817740F006AC890 /* SearchMeliTests.xctest */,
				556F65BC2817740F006AC890 /* SearchMeliUITests.xctest */,
			);
			name = Products;
			sourceTree = "<group>";
		};
		556F659E2817740D006AC890 /* SearchMeli */ = {
			isa = PBXGroup;
			children = (
				55A469492819B960004D4878 /* CoreData */,
				5593269028199B080026173B /* font */,
				556F65D3281774D3006AC890 /* Views */,
				556F65D2281774CD006AC890 /* Models */,
				556F65D1281774C4006AC890 /* Services */,
				556F65D0281774BA006AC890 /* Utils */,
				556F65CF281774B5006AC890 /* ViewModels */,
				556F659F2817740D006AC890 /* AppDelegate.swift */,
				556F65A12817740D006AC890 /* SceneDelegate.swift */,
				556F65A32817740D006AC890 /* ViewController.swift */,
				556F65A52817740D006AC890 /* Main.storyboard */,
				556F65A82817740F006AC890 /* Assets.xcassets */,
				556F65AA2817740F006AC890 /* LaunchScreen.storyboard */,
				556F65AD2817740F006AC890 /* Info.plist */,
			);
			path = SearchMeli;
			sourceTree = "<group>";
		};
		556F65B52817740F006AC890 /* SearchMeliTests */ = {
			isa = PBXGroup;
			children = (
				556F65B62817740F006AC890 /* SearchMeliTests.swift */,
			);
			path = SearchMeliTests;
			sourceTree = "<group>";
		};
		556F65BF2817740F006AC890 /* SearchMeliUITests */ = {
			isa = PBXGroup;
			children = (
				556F65C02817740F006AC890 /* SearchMeliUITests.swift */,
				556F65C22817740F006AC890 /* SearchMeliUITestsLaunchTests.swift */,
			);
			path = SearchMeliUITests;
			sourceTree = "<group>";
		};
		556F65CF281774B5006AC890 /* ViewModels */ = {
			isa = PBXGroup;
			children = (
				5593267A28187E5A0026173B /* SearchVM.swift */,
			);
			path = ViewModels;
			sourceTree = "<group>";
		};
		556F65D0281774BA006AC890 /* Utils */ = {
			isa = PBXGroup;
			children = (
				557CF09D281ABFBE0092B4EF /* Extensions */,
				55A4694D2819BA85004D4878 /* HelperCoreData.swift */,
				55A760DA2819F159002F38D0 /* HelperCurrency.swift */,
				55F9C07F281A37D90098455B /* HelperUI.swift */,
				557CF09B281ABE4D0092B4EF /* InternetConnectionManager.swift */,
			);
			path = Utils;
			sourceTree = "<group>";
		};
		556F65D1281774C4006AC890 /* Services */ = {
			isa = PBXGroup;
			children = (
				5593266A28187A6D0026173B /* NativeRequestable.swift */,
				5593266C28187A9B0026173B /* NetworkRequest.swift */,
				5593266E28187ABB0026173B /* ServiceEndpoints.swift */,
				5593267028187ADB0026173B /* Environment.swift */,
				5593267228187B0D0026173B /* MeliService.swift */,
				5593267628187CB30026173B /* Requestable.swift */,
			);
			path = Services;
			sourceTree = "<group>";
		};
		556F65D2281774CD006AC890 /* Models */ = {
			isa = PBXGroup;
			children = (
				5593267828187D0C0026173B /* ProductResponse.swift */,
				5593267E2818C88F0026173B /* ProductModel.swift */,
			);
			path = Models;
			sourceTree = "<group>";
		};
		556F65D3281774D3006AC890 /* Views */ = {
			isa = PBXGroup;
			children = (
				556F65D4281774DD006AC890 /* Components */,
				559326682818671A0026173B /* ProductListVC.swift */,
				556F65D5281775B2006AC890 /* HomeVC.swift */,
				55FC525A28184C6400F5E3F2 /* TabBarVC.swift */,
				55FC525C28184D1500F5E3F2 /* FavoriteVC.swift */,
				5593267C2818C6BB0026173B /* ProductDetailVC.swift */,
				5593269928199CBE0026173B /* ProductSearchedVC.swift */,
			);
			path = Views;
			sourceTree = "<group>";
		};
		556F65D4281774DD006AC890 /* Components */ = {
			isa = PBXGroup;
			children = (
				557CF0A0281ACB1E0092B4EF /* Spinner */,
				5593268D2819034E0026173B /* Card */,
				559326802818F44D0026173B /* Section */,
				55D7D97F281852B6005D8FBC /* Button */,
				55D7D97E281852A3005D8FBC /* Navigation */,
			);
			path = Components;
			sourceTree = "<group>";
		};
		557CF09D281ABFBE0092B4EF /* Extensions */ = {
			isa = PBXGroup;
			children = (
				557CF09E281ABFD90092B4EF /* ViewController+Extension.swift */,
			);
			path = Extensions;
			sourceTree = "<group>";
		};
		557CF0A0281ACB1E0092B4EF /* Spinner */ = {
			isa = PBXGroup;
			children = (
				557CF0A1281ACB2F0092B4EF /* SpinnerView.swift */,
			);
			path = Spinner;
			sourceTree = "<group>";
		};
		559326802818F44D0026173B /* Section */ = {
			isa = PBXGroup;
			children = (
				559326812818F4AE0026173B /* TitleInfoCell.swift */,
				559326832818F7390026173B /* CarouselCell.swift */,
				559326852818FA5D0026173B /* ColorCell.swift */,
				559326872818FB5E0026173B /* PriceCell.swift */,
				559326892818FD270026173B /* QuantityCell.swift */,
				5593268B2818FDC90026173B /* ButtonCell.swift */,
				55A760DC281A03D7002F38D0 /* InitialAcountCell.swift */,
				55A760DE281A074F002F38D0 /* AdsCell.swift */,
			);
			path = Section;
			sourceTree = "<group>";
		};
		5593268D2819034E0026173B /* Card */ = {
			isa = PBXGroup;
			children = (
				5593268E281903F30026173B /* ProductCard.swift */,
				5593269B2819A0A70026173B /* SearchedCard.swift */,
			);
			path = Card;
			sourceTree = "<group>";
		};
		5593269028199B080026173B /* font */ = {
			isa = PBXGroup;
			children = (
				5593269428199B130026173B /* navigation.woff2 */,
				5593269228199B130026173B /* proximanova-light.woff2 */,
				5593269328199B130026173B /* proximanova-regular.woff2 */,
				5593269128199B130026173B /* proximanova-semibold.woff2 */,
			);
			path = font;
			sourceTree = "<group>";
		};
		55A469492819B960004D4878 /* CoreData */ = {
			isa = PBXGroup;
			children = (
				55A4694A2819B9CE004D4878 /* Persistent.xcdatamodeld */,
			);
			path = CoreData;
			sourceTree = "<group>";
		};
		55D7D97E281852A3005D8FBC /* Navigation */ = {
			isa = PBXGroup;
			children = (
				55D7D97A28185282005D8FBC /* NavigationSearch.swift */,
			);
			path = Navigation;
			sourceTree = "<group>";
		};
		55D7D97F281852B6005D8FBC /* Button */ = {
			isa = PBXGroup;
			children = (
				55D7D980281852C7005D8FBC /* ButtonMeli.swift */,
			);
			path = Button;
			sourceTree = "<group>";
		};
		AF8D60D7A5E811602D030529 /* Pods */ = {
			isa = PBXGroup;
			children = (
				CE736D27AF642D684E90AD0E /* Pods-SearchMeli.debug.xcconfig */,
				6A220A158C2E0F7B85E28758 /* Pods-SearchMeli.release.xcconfig */,
				8FC20B201DEC187F2744AD2B /* Pods-SearchMeli-SearchMeliUITests.debug.xcconfig */,
				5170C33D633E6D7644C4D628 /* Pods-SearchMeli-SearchMeliUITests.release.xcconfig */,
				1E7483F3DDDE7CAB214F12F7 /* Pods-SearchMeliTests.debug.xcconfig */,
				4CEA16FBF5F99A733EDA31DC /* Pods-SearchMeliTests.release.xcconfig */,
			);
			path = Pods;
			sourceTree = "<group>";
		};
/* End PBXGroup section */

/* Begin PBXNativeTarget section */
		556F659B2817740D006AC890 /* SearchMeli */ = {
			isa = PBXNativeTarget;
			buildConfigurationList = 556F65C62817740F006AC890 /* Build configuration list for PBXNativeTarget "SearchMeli" */;
			buildPhases = (
				DA9B06CFAC9FC1CCC84C9F18 /* [CP] Check Pods Manifest.lock */,
				556F65982817740D006AC890 /* Sources */,
				556F65992817740D006AC890 /* Frameworks */,
				556F659A2817740D006AC890 /* Resources */,
				55870918281CB2AB00B22F43 /* Swiftlint */,
				464EFF364A47291F023A033D /* [CP] Embed Pods Frameworks */,
			);
			buildRules = (
			);
			dependencies = (
			);
			name = SearchMeli;
			productName = SearchMeli;
			productReference = 556F659C2817740D006AC890 /* SearchMeli.app */;
			productType = "com.apple.product-type.application";
		};
		556F65B12817740F006AC890 /* SearchMeliTests */ = {
			isa = PBXNativeTarget;
			buildConfigurationList = 556F65C92817740F006AC890 /* Build configuration list for PBXNativeTarget "SearchMeliTests" */;
			buildPhases = (
				91572B57C81EF8D6F33C1A71 /* [CP] Check Pods Manifest.lock */,
				556F65AE2817740F006AC890 /* Sources */,
				556F65AF2817740F006AC890 /* Frameworks */,
				556F65B02817740F006AC890 /* Resources */,
			);
			buildRules = (
			);
			dependencies = (
				556F65B42817740F006AC890 /* PBXTargetDependency */,
			);
			name = SearchMeliTests;
			productName = SearchMeliTests;
			productReference = 556F65B22817740F006AC890 /* SearchMeliTests.xctest */;
			productType = "com.apple.product-type.bundle.unit-test";
		};
		556F65BB2817740F006AC890 /* SearchMeliUITests */ = {
			isa = PBXNativeTarget;
			buildConfigurationList = 556F65CC2817740F006AC890 /* Build configuration list for PBXNativeTarget "SearchMeliUITests" */;
			buildPhases = (
				A290579167586471A2847087 /* [CP] Check Pods Manifest.lock */,
				556F65B82817740F006AC890 /* Sources */,
				556F65B92817740F006AC890 /* Frameworks */,
				556F65BA2817740F006AC890 /* Resources */,
				146A0AD0EFECDCC19EC88773 /* [CP] Embed Pods Frameworks */,
			);
			buildRules = (
			);
			dependencies = (
				556F65BE2817740F006AC890 /* PBXTargetDependency */,
			);
			name = SearchMeliUITests;
			productName = SearchMeliUITests;
			productReference = 556F65BC2817740F006AC890 /* SearchMeliUITests.xctest */;
			productType = "com.apple.product-type.bundle.ui-testing";
		};
/* End PBXNativeTarget section */

/* Begin PBXProject section */
		556F65942817740D006AC890 /* Project object */ = {
			isa = PBXProject;
			attributes = {
				BuildIndependentTargetsInParallel = 1;
				LastSwiftUpdateCheck = 1320;
				LastUpgradeCheck = 1320;
				TargetAttributes = {
					556F659B2817740D006AC890 = {
						CreatedOnToolsVersion = 13.2.1;
					};
					556F65B12817740F006AC890 = {
						CreatedOnToolsVersion = 13.2.1;
						TestTargetID = 556F659B2817740D006AC890;
					};
					556F65BB2817740F006AC890 = {
						CreatedOnToolsVersion = 13.2.1;
						TestTargetID = 556F659B2817740D006AC890;
					};
				};
			};
			buildConfigurationList = 556F65972817740D006AC890 /* Build configuration list for PBXProject "SearchMeli" */;
			compatibilityVersion = "Xcode 13.0";
			developmentRegion = en;
			hasScannedForEncodings = 0;
			knownRegions = (
				en,
				Base,
			);
			mainGroup = 556F65932817740D006AC890;
			productRefGroup = 556F659D2817740D006AC890 /* Products */;
			projectDirPath = "";
			projectRoot = "";
			targets = (
				556F659B2817740D006AC890 /* SearchMeli */,
				556F65B12817740F006AC890 /* SearchMeliTests */,
				556F65BB2817740F006AC890 /* SearchMeliUITests */,
			);
		};
/* End PBXProject section */

/* Begin PBXResourcesBuildPhase section */
		556F659A2817740D006AC890 /* Resources */ = {
			isa = PBXResourcesBuildPhase;
			buildActionMask = 2147483647;
			files = (
				5593269528199B130026173B /* proximanova-semibold.woff2 in Resources */,
				556F65AC2817740F006AC890 /* LaunchScreen.storyboard in Resources */,
				5593269728199B130026173B /* proximanova-regular.woff2 in Resources */,
				5593269828199B130026173B /* navigation.woff2 in Resources */,
				556F65A92817740F006AC890 /* Assets.xcassets in Resources */,
				5593269628199B130026173B /* proximanova-light.woff2 in Resources */,
				556F65A72817740D006AC890 /* Main.storyboard in Resources */,
			);
			runOnlyForDeploymentPostprocessing = 0;
		};
		556F65B02817740F006AC890 /* Resources */ = {
			isa = PBXResourcesBuildPhase;
			buildActionMask = 2147483647;
			files = (
			);
			runOnlyForDeploymentPostprocessing = 0;
		};
		556F65BA2817740F006AC890 /* Resources */ = {
			isa = PBXResourcesBuildPhase;
			buildActionMask = 2147483647;
			files = (
			);
			runOnlyForDeploymentPostprocessing = 0;
		};
/* End PBXResourcesBuildPhase section */

/* Begin PBXShellScriptBuildPhase section */
		146A0AD0EFECDCC19EC88773 /* [CP] Embed Pods Frameworks */ = {
			isa = PBXShellScriptBuildPhase;
			buildActionMask = 2147483647;
			files = (
			);
			inputFileListPaths = (
				"${PODS_ROOT}/Target Support Files/Pods-SearchMeli-SearchMeliUITests/Pods-SearchMeli-SearchMeliUITests-frameworks-${CONFIGURATION}-input-files.xcfilelist",
			);
			name = "[CP] Embed Pods Frameworks";
			outputFileListPaths = (
				"${PODS_ROOT}/Target Support Files/Pods-SearchMeli-SearchMeliUITests/Pods-SearchMeli-SearchMeliUITests-frameworks-${CONFIGURATION}-output-files.xcfilelist",
			);
			runOnlyForDeploymentPostprocessing = 0;
			shellPath = /bin/sh;
			shellScript = "\"${PODS_ROOT}/Target Support Files/Pods-SearchMeli-SearchMeliUITests/Pods-SearchMeli-SearchMeliUITests-frameworks.sh\"\n";
			showEnvVarsInLog = 0;
		};
		464EFF364A47291F023A033D /* [CP] Embed Pods Frameworks */ = {
			isa = PBXShellScriptBuildPhase;
			buildActionMask = 2147483647;
			files = (
			);
			inputFileListPaths = (
				"${PODS_ROOT}/Target Support Files/Pods-SearchMeli/Pods-SearchMeli-frameworks-${CONFIGURATION}-input-files.xcfilelist",
			);
			name = "[CP] Embed Pods Frameworks";
			outputFileListPaths = (
				"${PODS_ROOT}/Target Support Files/Pods-SearchMeli/Pods-SearchMeli-frameworks-${CONFIGURATION}-output-files.xcfilelist",
			);
			runOnlyForDeploymentPostprocessing = 0;
			shellPath = /bin/sh;
			shellScript = "\"${PODS_ROOT}/Target Support Files/Pods-SearchMeli/Pods-SearchMeli-frameworks.sh\"\n";
			showEnvVarsInLog = 0;
		};
		55870918281CB2AB00B22F43 /* Swiftlint */ = {
			isa = PBXShellScriptBuildPhase;
			buildActionMask = 2147483647;
			files = (
			);
			inputFileListPaths = (
			);
			inputPaths = (
			);
			name = Swiftlint;
			outputFileListPaths = (
			);
			outputPaths = (
			);
			runOnlyForDeploymentPostprocessing = 0;
			shellPath = /bin/sh;
			shellScript = "if which swiftlint > /dev/null; then\n  swiftlint\nelse\n  echo \"warning: SwiftLint not installed, download from https://github.com/realm/SwiftLint\"\nfi\n";
		};
		91572B57C81EF8D6F33C1A71 /* [CP] Check Pods Manifest.lock */ = {
			isa = PBXShellScriptBuildPhase;
			buildActionMask = 2147483647;
			files = (
			);
			inputFileListPaths = (
			);
			inputPaths = (
				"${PODS_PODFILE_DIR_PATH}/Podfile.lock",
				"${PODS_ROOT}/Manifest.lock",
			);
			name = "[CP] Check Pods Manifest.lock";
			outputFileListPaths = (
			);
			outputPaths = (
				"$(DERIVED_FILE_DIR)/Pods-SearchMeliTests-checkManifestLockResult.txt",
			);
			runOnlyForDeploymentPostprocessing = 0;
			shellPath = /bin/sh;
			shellScript = "diff \"${PODS_PODFILE_DIR_PATH}/Podfile.lock\" \"${PODS_ROOT}/Manifest.lock\" > /dev/null\nif [ $? != 0 ] ; then\n    # print error to STDERR\n    echo \"error: The sandbox is not in sync with the Podfile.lock. Run 'pod install' or update your CocoaPods installation.\" >&2\n    exit 1\nfi\n# This output is used by Xcode 'outputs' to avoid re-running this script phase.\necho \"SUCCESS\" > \"${SCRIPT_OUTPUT_FILE_0}\"\n";
			showEnvVarsInLog = 0;
		};
		A290579167586471A2847087 /* [CP] Check Pods Manifest.lock */ = {
			isa = PBXShellScriptBuildPhase;
			buildActionMask = 2147483647;
			files = (
			);
			inputFileListPaths = (
			);
			inputPaths = (
				"${PODS_PODFILE_DIR_PATH}/Podfile.lock",
				"${PODS_ROOT}/Manifest.lock",
			);
			name = "[CP] Check Pods Manifest.lock";
			outputFileListPaths = (
			);
			outputPaths = (
				"$(DERIVED_FILE_DIR)/Pods-SearchMeli-SearchMeliUITests-checkManifestLockResult.txt",
			);
			runOnlyForDeploymentPostprocessing = 0;
			shellPath = /bin/sh;
			shellScript = "diff \"${PODS_PODFILE_DIR_PATH}/Podfile.lock\" \"${PODS_ROOT}/Manifest.lock\" > /dev/null\nif [ $? != 0 ] ; then\n    # print error to STDERR\n    echo \"error: The sandbox is not in sync with the Podfile.lock. Run 'pod install' or update your CocoaPods installation.\" >&2\n    exit 1\nfi\n# This output is used by Xcode 'outputs' to avoid re-running this script phase.\necho \"SUCCESS\" > \"${SCRIPT_OUTPUT_FILE_0}\"\n";
			showEnvVarsInLog = 0;
		};
		DA9B06CFAC9FC1CCC84C9F18 /* [CP] Check Pods Manifest.lock */ = {
			isa = PBXShellScriptBuildPhase;
			buildActionMask = 2147483647;
			files = (
			);
			inputFileListPaths = (
			);
			inputPaths = (
				"${PODS_PODFILE_DIR_PATH}/Podfile.lock",
				"${PODS_ROOT}/Manifest.lock",
			);
			name = "[CP] Check Pods Manifest.lock";
			outputFileListPaths = (
			);
			outputPaths = (
				"$(DERIVED_FILE_DIR)/Pods-SearchMeli-checkManifestLockResult.txt",
			);
			runOnlyForDeploymentPostprocessing = 0;
			shellPath = /bin/sh;
			shellScript = "diff \"${PODS_PODFILE_DIR_PATH}/Podfile.lock\" \"${PODS_ROOT}/Manifest.lock\" > /dev/null\nif [ $? != 0 ] ; then\n    # print error to STDERR\n    echo \"error: The sandbox is not in sync with the Podfile.lock. Run 'pod install' or update your CocoaPods installation.\" >&2\n    exit 1\nfi\n# This output is used by Xcode 'outputs' to avoid re-running this script phase.\necho \"SUCCESS\" > \"${SCRIPT_OUTPUT_FILE_0}\"\n";
			showEnvVarsInLog = 0;
		};
/* End PBXShellScriptBuildPhase section */

/* Begin PBXSourcesBuildPhase section */
		556F65982817740D006AC890 /* Sources */ = {
			isa = PBXSourcesBuildPhase;
			buildActionMask = 2147483647;
			files = (
				559326882818FB5E0026173B /* PriceCell.swift in Sources */,
				55A760DD281A03D7002F38D0 /* InitialAcountCell.swift in Sources */,
				559326822818F4AE0026173B /* TitleInfoCell.swift in Sources */,
				5593267D2818C6BB0026173B /* ProductDetailVC.swift in Sources */,
				5593266F28187ABB0026173B /* ServiceEndpoints.swift in Sources */,
				559326692818671A0026173B /* ProductListVC.swift in Sources */,
				5593267B28187E5A0026173B /* SearchVM.swift in Sources */,
				55A4694E2819BA85004D4878 /* HelperCoreData.swift in Sources */,
				5593267F2818C88F0026173B /* ProductModel.swift in Sources */,
				5593267128187ADB0026173B /* Environment.swift in Sources */,
				556F65A42817740D006AC890 /* ViewController.swift in Sources */,
				55D7D97B28185282005D8FBC /* NavigationSearch.swift in Sources */,
				556F65D6281775B2006AC890 /* HomeVC.swift in Sources */,
				55F9C080281A37D90098455B /* HelperUI.swift in Sources */,
				557CF09C281ABE4D0092B4EF /* InternetConnectionManager.swift in Sources */,
				55FC525B28184C6400F5E3F2 /* TabBarVC.swift in Sources */,
				5593268A2818FD270026173B /* QuantityCell.swift in Sources */,
				559326862818FA5D0026173B /* ColorCell.swift in Sources */,
				55A760DF281A074F002F38D0 /* AdsCell.swift in Sources */,
				5593267328187B0D0026173B /* MeliService.swift in Sources */,
				5593266B28187A6D0026173B /* NativeRequestable.swift in Sources */,
				556F65A02817740D006AC890 /* AppDelegate.swift in Sources */,
				55A760DB2819F159002F38D0 /* HelperCurrency.swift in Sources */,
				5593268F281903F30026173B /* ProductCard.swift in Sources */,
				5593269A28199CBE0026173B /* ProductSearchedVC.swift in Sources */,
				55FC525D28184D1500F5E3F2 /* FavoriteVC.swift in Sources */,
				55A4694C2819B9CE004D4878 /* Persistent.xcdatamodeld in Sources */,
				5593267928187D0C0026173B /* ProductResponse.swift in Sources */,
				557CF0A2281ACB2F0092B4EF /* SpinnerView.swift in Sources */,
				55D7D981281852C7005D8FBC /* ButtonMeli.swift in Sources */,
				5593266D28187A9B0026173B /* NetworkRequest.swift in Sources */,
				559326842818F7390026173B /* CarouselCell.swift in Sources */,
				5593267728187CB30026173B /* Requestable.swift in Sources */,
				557CF09F281ABFD90092B4EF /* ViewController+Extension.swift in Sources */,
				5593268C2818FDC90026173B /* ButtonCell.swift in Sources */,
				5593269C2819A0A70026173B /* SearchedCard.swift in Sources */,
				556F65A22817740D006AC890 /* SceneDelegate.swift in Sources */,
			);
			runOnlyForDeploymentPostprocessing = 0;
		};
		556F65AE2817740F006AC890 /* Sources */ = {
			isa = PBXSourcesBuildPhase;
			buildActionMask = 2147483647;
			files = (
				556F65B72817740F006AC890 /* SearchMeliTests.swift in Sources */,
			);
			runOnlyForDeploymentPostprocessing = 0;
		};
		556F65B82817740F006AC890 /* Sources */ = {
			isa = PBXSourcesBuildPhase;
			buildActionMask = 2147483647;
			files = (
				556F65C12817740F006AC890 /* SearchMeliUITests.swift in Sources */,
				556F65C32817740F006AC890 /* SearchMeliUITestsLaunchTests.swift in Sources */,
			);
			runOnlyForDeploymentPostprocessing = 0;
		};
/* End PBXSourcesBuildPhase section */

/* Begin PBXTargetDependency section */
		556F65B42817740F006AC890 /* PBXTargetDependency */ = {
			isa = PBXTargetDependency;
			target = 556F659B2817740D006AC890 /* SearchMeli */;
			targetProxy = 556F65B32817740F006AC890 /* PBXContainerItemProxy */;
		};
		556F65BE2817740F006AC890 /* PBXTargetDependency */ = {
			isa = PBXTargetDependency;
			target = 556F659B2817740D006AC890 /* SearchMeli */;
			targetProxy = 556F65BD2817740F006AC890 /* PBXContainerItemProxy */;
		};
/* End PBXTargetDependency section */

/* Begin PBXVariantGroup section */
		556F65A52817740D006AC890 /* Main.storyboard */ = {
			isa = PBXVariantGroup;
			children = (
				556F65A62817740D006AC890 /* Base */,
			);
			name = Main.storyboard;
			sourceTree = "<group>";
		};
		556F65AA2817740F006AC890 /* LaunchScreen.storyboard */ = {
			isa = PBXVariantGroup;
			children = (
				556F65AB2817740F006AC890 /* Base */,
			);
			name = LaunchScreen.storyboard;
			sourceTree = "<group>";
		};
/* End PBXVariantGroup section */

/* Begin XCBuildConfiguration section */
		556F65C42817740F006AC890 /* Debug */ = {
			isa = XCBuildConfiguration;
			buildSettings = {
				ALWAYS_SEARCH_USER_PATHS = NO;
				CLANG_ANALYZER_NONNULL = YES;
				CLANG_ANALYZER_NUMBER_OBJECT_CONVERSION = YES_AGGRESSIVE;
				CLANG_CXX_LANGUAGE_STANDARD = "gnu++17";
				CLANG_CXX_LIBRARY = "libc++";
				CLANG_ENABLE_MODULES = YES;
				CLANG_ENABLE_OBJC_ARC = YES;
				CLANG_ENABLE_OBJC_WEAK = YES;
				CLANG_WARN_BLOCK_CAPTURE_AUTORELEASING = YES;
				CLANG_WARN_BOOL_CONVERSION = YES;
				CLANG_WARN_COMMA = YES;
				CLANG_WARN_CONSTANT_CONVERSION = YES;
				CLANG_WARN_DEPRECATED_OBJC_IMPLEMENTATIONS = YES;
				CLANG_WARN_DIRECT_OBJC_ISA_USAGE = YES_ERROR;
				CLANG_WARN_DOCUMENTATION_COMMENTS = YES;
				CLANG_WARN_EMPTY_BODY = YES;
				CLANG_WARN_ENUM_CONVERSION = YES;
				CLANG_WARN_INFINITE_RECURSION = YES;
				CLANG_WARN_INT_CONVERSION = YES;
				CLANG_WARN_NON_LITERAL_NULL_CONVERSION = YES;
				CLANG_WARN_OBJC_IMPLICIT_RETAIN_SELF = YES;
				CLANG_WARN_OBJC_LITERAL_CONVERSION = YES;
				CLANG_WARN_OBJC_ROOT_CLASS = YES_ERROR;
				CLANG_WARN_QUOTED_INCLUDE_IN_FRAMEWORK_HEADER = YES;
				CLANG_WARN_RANGE_LOOP_ANALYSIS = YES;
				CLANG_WARN_STRICT_PROTOTYPES = YES;
				CLANG_WARN_SUSPICIOUS_MOVE = YES;
				CLANG_WARN_UNGUARDED_AVAILABILITY = YES_AGGRESSIVE;
				CLANG_WARN_UNREACHABLE_CODE = YES;
				CLANG_WARN__DUPLICATE_METHOD_MATCH = YES;
				COPY_PHASE_STRIP = NO;
				DEBUG_INFORMATION_FORMAT = dwarf;
				ENABLE_STRICT_OBJC_MSGSEND = YES;
				ENABLE_TESTABILITY = YES;
				GCC_C_LANGUAGE_STANDARD = gnu11;
				GCC_DYNAMIC_NO_PIC = NO;
				GCC_NO_COMMON_BLOCKS = YES;
				GCC_OPTIMIZATION_LEVEL = 0;
				GCC_PREPROCESSOR_DEFINITIONS = (
					"DEBUG=1",
					"$(inherited)",
				);
				GCC_WARN_64_TO_32_BIT_CONVERSION = YES;
				GCC_WARN_ABOUT_RETURN_TYPE = YES_ERROR;
				GCC_WARN_UNDECLARED_SELECTOR = YES;
				GCC_WARN_UNINITIALIZED_AUTOS = YES_AGGRESSIVE;
				GCC_WARN_UNUSED_FUNCTION = YES;
				GCC_WARN_UNUSED_VARIABLE = YES;
				IPHONEOS_DEPLOYMENT_TARGET = 15.2;
				MTL_ENABLE_DEBUG_INFO = INCLUDE_SOURCE;
				MTL_FAST_MATH = YES;
				ONLY_ACTIVE_ARCH = YES;
				SDKROOT = iphoneos;
				SWIFT_ACTIVE_COMPILATION_CONDITIONS = DEBUG;
				SWIFT_OPTIMIZATION_LEVEL = "-Onone";
			};
			name = Debug;
		};
		556F65C52817740F006AC890 /* Release */ = {
			isa = XCBuildConfiguration;
			buildSettings = {
				ALWAYS_SEARCH_USER_PATHS = NO;
				CLANG_ANALYZER_NONNULL = YES;
				CLANG_ANALYZER_NUMBER_OBJECT_CONVERSION = YES_AGGRESSIVE;
				CLANG_CXX_LANGUAGE_STANDARD = "gnu++17";
				CLANG_CXX_LIBRARY = "libc++";
				CLANG_ENABLE_MODULES = YES;
				CLANG_ENABLE_OBJC_ARC = YES;
				CLANG_ENABLE_OBJC_WEAK = YES;
				CLANG_WARN_BLOCK_CAPTURE_AUTORELEASING = YES;
				CLANG_WARN_BOOL_CONVERSION = YES;
				CLANG_WARN_COMMA = YES;
				CLANG_WARN_CONSTANT_CONVERSION = YES;
				CLANG_WARN_DEPRECATED_OBJC_IMPLEMENTATIONS = YES;
				CLANG_WARN_DIRECT_OBJC_ISA_USAGE = YES_ERROR;
				CLANG_WARN_DOCUMENTATION_COMMENTS = YES;
				CLANG_WARN_EMPTY_BODY = YES;
				CLANG_WARN_ENUM_CONVERSION = YES;
				CLANG_WARN_INFINITE_RECURSION = YES;
				CLANG_WARN_INT_CONVERSION = YES;
				CLANG_WARN_NON_LITERAL_NULL_CONVERSION = YES;
				CLANG_WARN_OBJC_IMPLICIT_RETAIN_SELF = YES;
				CLANG_WARN_OBJC_LITERAL_CONVERSION = YES;
				CLANG_WARN_OBJC_ROOT_CLASS = YES_ERROR;
				CLANG_WARN_QUOTED_INCLUDE_IN_FRAMEWORK_HEADER = YES;
				CLANG_WARN_RANGE_LOOP_ANALYSIS = YES;
				CLANG_WARN_STRICT_PROTOTYPES = YES;
				CLANG_WARN_SUSPICIOUS_MOVE = YES;
				CLANG_WARN_UNGUARDED_AVAILABILITY = YES_AGGRESSIVE;
				CLANG_WARN_UNREACHABLE_CODE = YES;
				CLANG_WARN__DUPLICATE_METHOD_MATCH = YES;
				COPY_PHASE_STRIP = NO;
				DEBUG_INFORMATION_FORMAT = "dwarf-with-dsym";
				ENABLE_NS_ASSERTIONS = NO;
				ENABLE_STRICT_OBJC_MSGSEND = YES;
				GCC_C_LANGUAGE_STANDARD = gnu11;
				GCC_NO_COMMON_BLOCKS = YES;
				GCC_WARN_64_TO_32_BIT_CONVERSION = YES;
				GCC_WARN_ABOUT_RETURN_TYPE = YES_ERROR;
				GCC_WARN_UNDECLARED_SELECTOR = YES;
				GCC_WARN_UNINITIALIZED_AUTOS = YES_AGGRESSIVE;
				GCC_WARN_UNUSED_FUNCTION = YES;
				GCC_WARN_UNUSED_VARIABLE = YES;
				IPHONEOS_DEPLOYMENT_TARGET = 15.2;
				MTL_ENABLE_DEBUG_INFO = NO;
				MTL_FAST_MATH = YES;
				SDKROOT = iphoneos;
				SWIFT_COMPILATION_MODE = wholemodule;
				SWIFT_OPTIMIZATION_LEVEL = "-O";
				VALIDATE_PRODUCT = YES;
			};
			name = Release;
		};
		556F65C72817740F006AC890 /* Debug */ = {
			isa = XCBuildConfiguration;
			baseConfigurationReference = CE736D27AF642D684E90AD0E /* Pods-SearchMeli.debug.xcconfig */;
			buildSettings = {
				ASSETCATALOG_COMPILER_APPICON_NAME = AppIcon;
				ASSETCATALOG_COMPILER_GLOBAL_ACCENT_COLOR_NAME = AccentColor;
				CODE_SIGN_STYLE = Automatic;
				CURRENT_PROJECT_VERSION = 1;
				GENERATE_INFOPLIST_FILE = YES;
				INFOPLIST_FILE = SearchMeli/Info.plist;
				INFOPLIST_KEY_UIApplicationSupportsIndirectInputEvents = YES;
				INFOPLIST_KEY_UILaunchStoryboardName = LaunchScreen;
				INFOPLIST_KEY_UIMainStoryboardFile = Main;
				INFOPLIST_KEY_UISupportedInterfaceOrientations_iPad = "UIInterfaceOrientationPortrait UIInterfaceOrientationPortraitUpsideDown UIInterfaceOrientationLandscapeLeft UIInterfaceOrientationLandscapeRight";
				INFOPLIST_KEY_UISupportedInterfaceOrientations_iPhone = "UIInterfaceOrientationPortrait UIInterfaceOrientationLandscapeLeft UIInterfaceOrientationLandscapeRight";
				LD_RUNPATH_SEARCH_PATHS = (
					"$(inherited)",
					"@executable_path/Frameworks",
				);
				MARKETING_VERSION = 1.0;
				PRODUCT_BUNDLE_IDENTIFIER = com.JART.SearchMeli;
				PRODUCT_NAME = "$(TARGET_NAME)";
				SWIFT_EMIT_LOC_STRINGS = YES;
				SWIFT_VERSION = 5.0;
				TARGETED_DEVICE_FAMILY = "1,2";
			};
			name = Debug;
		};
		556F65C82817740F006AC890 /* Release */ = {
			isa = XCBuildConfiguration;
			baseConfigurationReference = 6A220A158C2E0F7B85E28758 /* Pods-SearchMeli.release.xcconfig */;
			buildSettings = {
				ASSETCATALOG_COMPILER_APPICON_NAME = AppIcon;
				ASSETCATALOG_COMPILER_GLOBAL_ACCENT_COLOR_NAME = AccentColor;
				CODE_SIGN_STYLE = Automatic;
				CURRENT_PROJECT_VERSION = 1;
				GENERATE_INFOPLIST_FILE = YES;
				INFOPLIST_FILE = SearchMeli/Info.plist;
				INFOPLIST_KEY_UIApplicationSupportsIndirectInputEvents = YES;
				INFOPLIST_KEY_UILaunchStoryboardName = LaunchScreen;
				INFOPLIST_KEY_UIMainStoryboardFile = Main;
				INFOPLIST_KEY_UISupportedInterfaceOrientations_iPad = "UIInterfaceOrientationPortrait UIInterfaceOrientationPortraitUpsideDown UIInterfaceOrientationLandscapeLeft UIInterfaceOrientationLandscapeRight";
				INFOPLIST_KEY_UISupportedInterfaceOrientations_iPhone = "UIInterfaceOrientationPortrait UIInterfaceOrientationLandscapeLeft UIInterfaceOrientationLandscapeRight";
				LD_RUNPATH_SEARCH_PATHS = (
					"$(inherited)",
					"@executable_path/Frameworks",
				);
				MARKETING_VERSION = 1.0;
				PRODUCT_BUNDLE_IDENTIFIER = com.JART.SearchMeli;
				PRODUCT_NAME = "$(TARGET_NAME)";
				SWIFT_EMIT_LOC_STRINGS = YES;
				SWIFT_VERSION = 5.0;
				TARGETED_DEVICE_FAMILY = "1,2";
			};
			name = Release;
		};
		556F65CA2817740F006AC890 /* Debug */ = {
			isa = XCBuildConfiguration;
			baseConfigurationReference = 1E7483F3DDDE7CAB214F12F7 /* Pods-SearchMeliTests.debug.xcconfig */;
			buildSettings = {
				ALWAYS_EMBED_SWIFT_STANDARD_LIBRARIES = YES;
				BUNDLE_LOADER = "$(TEST_HOST)";
				CODE_SIGN_STYLE = Automatic;
				CURRENT_PROJECT_VERSION = 1;
				GENERATE_INFOPLIST_FILE = YES;
				IPHONEOS_DEPLOYMENT_TARGET = 15.2;
				MARKETING_VERSION = 1.0;
				PRODUCT_BUNDLE_IDENTIFIER = com.JART.SearchMeliTests;
				PRODUCT_NAME = "$(TARGET_NAME)";
				SWIFT_EMIT_LOC_STRINGS = NO;
				SWIFT_VERSION = 5.0;
				TARGETED_DEVICE_FAMILY = "1,2";
				TEST_HOST = "$(BUILT_PRODUCTS_DIR)/SearchMeli.app/SearchMeli";
			};
			name = Debug;
		};
		556F65CB2817740F006AC890 /* Release */ = {
			isa = XCBuildConfiguration;
			baseConfigurationReference = 4CEA16FBF5F99A733EDA31DC /* Pods-SearchMeliTests.release.xcconfig */;
			buildSettings = {
				ALWAYS_EMBED_SWIFT_STANDARD_LIBRARIES = YES;
				BUNDLE_LOADER = "$(TEST_HOST)";
				CODE_SIGN_STYLE = Automatic;
				CURRENT_PROJECT_VERSION = 1;
				GENERATE_INFOPLIST_FILE = YES;
				IPHONEOS_DEPLOYMENT_TARGET = 15.2;
				MARKETING_VERSION = 1.0;
				PRODUCT_BUNDLE_IDENTIFIER = com.JART.SearchMeliTests;
				PRODUCT_NAME = "$(TARGET_NAME)";
				SWIFT_EMIT_LOC_STRINGS = NO;
				SWIFT_VERSION = 5.0;
				TARGETED_DEVICE_FAMILY = "1,2";
				TEST_HOST = "$(BUILT_PRODUCTS_DIR)/SearchMeli.app/SearchMeli";
			};
			name = Release;
		};
		556F65CD2817740F006AC890 /* Debug */ = {
			isa = XCBuildConfiguration;
			baseConfigurationReference = 8FC20B201DEC187F2744AD2B /* Pods-SearchMeli-SearchMeliUITests.debug.xcconfig */;
			buildSettings = {
				ALWAYS_EMBED_SWIFT_STANDARD_LIBRARIES = YES;
				CODE_SIGN_STYLE = Automatic;
				CURRENT_PROJECT_VERSION = 1;
				GENERATE_INFOPLIST_FILE = YES;
				MARKETING_VERSION = 1.0;
				PRODUCT_BUNDLE_IDENTIFIER = com.JART.SearchMeliUITests;
				PRODUCT_NAME = "$(TARGET_NAME)";
				SWIFT_EMIT_LOC_STRINGS = NO;
				SWIFT_VERSION = 5.0;
				TARGETED_DEVICE_FAMILY = "1,2";
				TEST_TARGET_NAME = SearchMeli;
			};
			name = Debug;
		};
		556F65CE2817740F006AC890 /* Release */ = {
			isa = XCBuildConfiguration;
			baseConfigurationReference = 5170C33D633E6D7644C4D628 /* Pods-SearchMeli-SearchMeliUITests.release.xcconfig */;
			buildSettings = {
				ALWAYS_EMBED_SWIFT_STANDARD_LIBRARIES = YES;
				CODE_SIGN_STYLE = Automatic;
				CURRENT_PROJECT_VERSION = 1;
				GENERATE_INFOPLIST_FILE = YES;
				MARKETING_VERSION = 1.0;
				PRODUCT_BUNDLE_IDENTIFIER = com.JART.SearchMeliUITests;
				PRODUCT_NAME = "$(TARGET_NAME)";
				SWIFT_EMIT_LOC_STRINGS = NO;
				SWIFT_VERSION = 5.0;
				TARGETED_DEVICE_FAMILY = "1,2";
				TEST_TARGET_NAME = SearchMeli;
			};
			name = Release;
		};
/* End XCBuildConfiguration section */

/* Begin XCConfigurationList section */
		556F65972817740D006AC890 /* Build configuration list for PBXProject "SearchMeli" */ = {
			isa = XCConfigurationList;
			buildConfigurations = (
				556F65C42817740F006AC890 /* Debug */,
				556F65C52817740F006AC890 /* Release */,
			);
			defaultConfigurationIsVisible = 0;
			defaultConfigurationName = Release;
		};
		556F65C62817740F006AC890 /* Build configuration list for PBXNativeTarget "SearchMeli" */ = {
			isa = XCConfigurationList;
			buildConfigurations = (
				556F65C72817740F006AC890 /* Debug */,
				556F65C82817740F006AC890 /* Release */,
			);
			defaultConfigurationIsVisible = 0;
			defaultConfigurationName = Release;
		};
		556F65C92817740F006AC890 /* Build configuration list for PBXNativeTarget "SearchMeliTests" */ = {
			isa = XCConfigurationList;
			buildConfigurations = (
				556F65CA2817740F006AC890 /* Debug */,
				556F65CB2817740F006AC890 /* Release */,
			);
			defaultConfigurationIsVisible = 0;
			defaultConfigurationName = Release;
		};
		556F65CC2817740F006AC890 /* Build configuration list for PBXNativeTarget "SearchMeliUITests" */ = {
			isa = XCConfigurationList;
			buildConfigurations = (
				556F65CD2817740F006AC890 /* Debug */,
				556F65CE2817740F006AC890 /* Release */,
			);
			defaultConfigurationIsVisible = 0;
			defaultConfigurationName = Release;
		};
/* End XCConfigurationList section */

/* Begin XCVersionGroup section */
		55A4694A2819B9CE004D4878 /* Persistent.xcdatamodeld */ = {
			isa = XCVersionGroup;
			children = (
				55A4694B2819B9CE004D4878 /* Persistent.xcdatamodel */,
			);
			currentVersion = 55A4694B2819B9CE004D4878 /* Persistent.xcdatamodel */;
			path = Persistent.xcdatamodeld;
			sourceTree = "<group>";
			versionGroupType = wrapper.xcdatamodel;
		};
/* End XCVersionGroup section */
	};
	rootObject = 556F65942817740D006AC890 /* Project object */;
}
